
Microsoft Visual Studio Solution File, Format Version 12.00
# Visual Studio Version 17
VisualStudioVersion = 17.11.35219.272
MinimumVisualStudioVersion = 10.0.40219.1
Project("{FAE04EC0-301F-11D3-BF4B-00C04F79EFBC}") = "WpfApp52", "WpfApp52.csproj", "{EE1C804B-29C4-4AAD-8C3A-1ECF3B6E8349}"
EndProject
Global
	GlobalSection(SolutionConfigurationPlatforms) = preSolution
		Debug|Any CPU = Debug|Any CPU
		Release|Any CPU = Release|Any CPU
	EndGlobalSection
	GlobalSection(ProjectConfigurationPlatforms) = postSolution
		{EE1C804B-29C4-4AAD-8C3A-1ECF3B6E8349}.Debug|Any CPU.ActiveCfg = Debug|Any CPU
		{EE1C804B-29C4-4AAD-8C3A-1ECF3B6E8349}.Debug|Any CPU.Build.0 = Debug|Any CPU
		{EE1C804B-29C4-4AAD-8C3A-1ECF3B6E8349}.Release|Any CPU.ActiveCfg = Release|Any CPU
		{EE1C804B-29C4-4AAD-8C3A-1ECF3B6E8349}.Release|Any CPU.Build.0 = Release|Any CPU
	EndGlobalSection
	GlobalSection(SolutionProperties) = preSolution
		HideSolutionNode = FALSE
	EndGlobalSection
	GlobalSection(ExtensibilityGlobals) = postSolution
		SolutionGuid = {4A7219B3-AA44-438A-A0CD-232209461E0E}
	EndGlobalSection
EndGlobal
